
Microsoft Visual Studio Solution File, Format Version 12.00
# Visual Studio 15
VisualStudioVersion = 15.0.27004.2006
MinimumVisualStudioVersion = 15.0.26124.0
Project("{9A19103F-16F7-4668-BE54-9A1E7A4F7556}") = "AprendendoIdentity4.Identity", "AprendendoIdentity4.Identity\AprendendoIdentity4.Identity.csproj", "{F50B958B-5FC6-4446-BEBF-9C0E963749D6}"
EndProject
Project("{9A19103F-16F7-4668-BE54-9A1E7A4F7556}") = "AprendendoIdentity4.Web", "AprendendoIdentity4.Web\AprendendoIdentity4.Web.csproj", "{247E4491-101C-4151-8A7A-1465D4942BAF}"
EndProject
Project("{FAE04EC0-301F-11D3-BF4B-00C04F79EFBC}") = "AprendendoIdentity4.Console", "AprendendoIdentity4.Console\AprendendoIdentity4.Console.csproj", "{062A33A0-9675-4E39-97B1-B9067A3D6590}"
EndProject
Global
	GlobalSection(SolutionConfigurationPlatforms) = preSolution
		Debug|Any CPU = Debug|Any CPU
		Debug|x64 = Debug|x64
		Debug|x86 = Debug|x86
		Release|Any CPU = Release|Any CPU
		Release|x64 = Release|x64
		Release|x86 = Release|x86
	EndGlobalSection
	GlobalSection(ProjectConfigurationPlatforms) = postSolution
		{F50B958B-5FC6-4446-BEBF-9C0E963749D6}.Debug|Any CPU.ActiveCfg = Debug|Any CPU
		{F50B958B-5FC6-4446-BEBF-9C0E963749D6}.Debug|Any CPU.Build.0 = Debug|Any CPU
		{F50B958B-5FC6-4446-BEBF-9C0E963749D6}.Debug|x64.ActiveCfg = Debug|Any CPU
		{F50B958B-5FC6-4446-BEBF-9C0E963749D6}.Debug|x64.Build.0 = Debug|Any CPU
		{F50B958B-5FC6-4446-BEBF-9C0E963749D6}.Debug|x86.ActiveCfg = Debug|Any CPU
		{F50B958B-5FC6-4446-BEBF-9C0E963749D6}.Debug|x86.Build.0 = Debug|Any CPU
		{F50B958B-5FC6-4446-BEBF-9C0E963749D6}.Release|Any CPU.ActiveCfg = Release|Any CPU
		{F50B958B-5FC6-4446-BEBF-9C0E963749D6}.Release|Any CPU.Build.0 = Release|Any CPU
		{F50B958B-5FC6-4446-BEBF-9C0E963749D6}.Release|x64.ActiveCfg = Release|Any CPU
		{F50B958B-5FC6-4446-BEBF-9C0E963749D6}.Release|x64.Build.0 = Release|Any CPU
		{F50B958B-5FC6-4446-BEBF-9C0E963749D6}.Release|x86.ActiveCfg = Release|Any CPU
		{F50B958B-5FC6-4446-BEBF-9C0E963749D6}.Release|x86.Build.0 = Release|Any CPU
		{247E4491-101C-4151-8A7A-1465D4942BAF}.Debug|Any CPU.ActiveCfg = Debug|Any CPU
		{247E4491-101C-4151-8A7A-1465D4942BAF}.Debug|Any CPU.Build.0 = Debug|Any CPU
		{247E4491-101C-4151-8A7A-1465D4942BAF}.Debug|x64.ActiveCfg = Debug|Any CPU
		{247E4491-101C-4151-8A7A-1465D4942BAF}.Debug|x64.Build.0 = Debug|Any CPU
		{247E4491-101C-4151-8A7A-1465D4942BAF}.Debug|x86.ActiveCfg = Debug|Any CPU
		{247E4491-101C-4151-8A7A-1465D4942BAF}.Debug|x86.Build.0 = Debug|Any CPU
		{247E4491-101C-4151-8A7A-1465D4942BAF}.Release|Any CPU.ActiveCfg = Release|Any CPU
		{247E4491-101C-4151-8A7A-1465D4942BAF}.Release|Any CPU.Build.0 = Release|Any CPU
		{247E4491-101C-4151-8A7A-1465D4942BAF}.Release|x64.ActiveCfg = Release|Any CPU
		{247E4491-101C-4151-8A7A-1465D4942BAF}.Release|x64.Build.0 = Release|Any CPU
		{247E4491-101C-4151-8A7A-1465D4942BAF}.Release|x86.ActiveCfg = Release|Any CPU
		{247E4491-101C-4151-8A7A-1465D4942BAF}.Release|x86.Build.0 = Release|Any CPU
		{062A33A0-9675-4E39-97B1-B9067A3D6590}.Debug|Any CPU.ActiveCfg = Debug|Any CPU
		{062A33A0-9675-4E39-97B1-B9067A3D6590}.Debug|Any CPU.Build.0 = Debug|Any CPU
		{062A33A0-9675-4E39-97B1-B9067A3D6590}.Debug|x64.ActiveCfg = Debug|Any CPU
		{062A33A0-9675-4E39-97B1-B9067A3D6590}.Debug|x64.Build.0 = Debug|Any CPU
		{062A33A0-9675-4E39-97B1-B9067A3D6590}.Debug|x86.ActiveCfg = Debug|Any CPU
		{062A33A0-9675-4E39-97B1-B9067A3D6590}.Debug|x86.Build.0 = Debug|Any CPU
		{062A33A0-9675-4E39-97B1-B9067A3D6590}.Release|Any CPU.ActiveCfg = Release|Any CPU
		{062A33A0-9675-4E39-97B1-B9067A3D6590}.Release|Any CPU.Build.0 = Release|Any CPU
		{062A33A0-9675-4E39-97B1-B9067A3D6590}.Release|x64.ActiveCfg = Release|Any CPU
		{062A33A0-9675-4E39-97B1-B9067A3D6590}.Release|x64.Build.0 = Release|Any CPU
		{062A33A0-9675-4E39-97B1-B9067A3D6590}.Release|x86.ActiveCfg = Release|Any CPU
		{062A33A0-9675-4E39-97B1-B9067A3D6590}.Release|x86.Build.0 = Release|Any CPU
	EndGlobalSection
	GlobalSection(SolutionProperties) = preSolution
		HideSolutionNode = FALSE
	EndGlobalSection
	GlobalSection(ExtensibilityGlobals) = postSolution
		SolutionGuid = {27F31A9C-1D58-4F52-BA15-01C8664C7863}
	EndGlobalSection
EndGlobal
